// !$*UTF8*$!
{
	archiveVersion = 1;
	classes = {
	};
	objectVersion = 50;
	objects = {

/* Begin PBXBuildFile section */
		DCB45492250B1FDD0063F07A /* AppDelegate.m in Sources */ = {isa = PBXBuildFile; fileRef = DCB45491250B1FDD0063F07A /* AppDelegate.m */; };
		DCB45495250B1FDD0063F07A /* SceneDelegate.m in Sources */ = {isa = PBXBuildFile; fileRef = DCB45494250B1FDD0063F07A /* SceneDelegate.m */; };
		DCB45498250B1FDD0063F07A /* ViewController.m in Sources */ = {isa = PBXBuildFile; fileRef = DCB45497250B1FDD0063F07A /* ViewController.m */; };
		DCB4549B250B1FDD0063F07A /* Main.storyboard in Resources */ = {isa = PBXBuildFile; fileRef = DCB45499250B1FDD0063F07A /* Main.storyboard */; };
		DCB4549D250B1FDF0063F07A /* Assets.xcassets in Resources */ = {isa = PBXBuildFile; fileRef = DCB4549C250B1FDF0063F07A /* Assets.xcassets */; };
		DCB454A0250B1FDF0063F07A /* LaunchScreen.storyboard in Resources */ = {isa = PBXBuildFile; fileRef = DCB4549E250B1FDF0063F07A /* LaunchScreen.storyboard */; };
		DCB454A3250B1FDF0063F07A /* main.m in Sources */ = {isa = PBXBuildFile; fileRef = DCB454A2250B1FDF0063F07A /* main.m */; };
/* End PBXBuildFile section */

/* Begin PBXFileReference section */
		DCB4548D250B1FDD0063F07A /* PodDemo.app */ = {isa = PBXFileReference; explicitFileType = wrapper.application; includeInIndex = 0; path = PodDemo.app; sourceTree = BUILT_PRODUCTS_DIR; };
		DCB45490250B1FDD0063F07A /* AppDelegate.h */ = {isa = PBXFileReference; lastKnownFileType = sourcecode.c.h; path = AppDelegate.h; sourceTree = "<group>"; };
		DCB45491250B1FDD0063F07A /* AppDelegate.m */ = {isa = PBXFileReference; lastKnownFileType = sourcecode.c.objc; path = AppDelegate.m; sourceTree = "<group>"; };
		DCB45493250B1FDD0063F07A /* SceneDelegate.h */ = {isa = PBXFileReference; lastKnownFileType = sourcecode.c.h; path = SceneDelegate.h; sourceTree = "<group>"; };
		DCB45494250B1FDD0063F07A /* SceneDelegate.m */ = {isa = PBXFileReference; lastKnownFileType = sourcecode.c.objc; path = SceneDelegate.m; sourceTree = "<group>"; };
		DCB45496250B1FDD0063F07A /* ViewController.h */ = {isa = PBXFileReference; lastKnownFileType = sourcecode.c.h; path = ViewController.h; sourceTree = "<group>"; };
		DCB45497250B1FDD0063F07A /* ViewController.m */ = {isa = PBXFileReference; lastKnownFileType = sourcecode.c.objc; path = ViewController.m; sourceTree = "<group>"; };
		DCB4549A250B1FDD0063F07A /* Base */ = {isa = PBXFileReference; lastKnownFileType = file.storyboard; name = Base; path = Base.lproj/Main.storyboard; sourceTree = "<group>"; };
		DCB4549C250B1FDF0063F07A /* Assets.xcassets */ = {isa = PBXFileReference; lastKnownFileType = folder.assetcatalog; path = Assets.xcassets; sourceTree = "<group>"; };
		DCB4549F250B1FDF0063F07A /* Base */ = {isa = PBXFileReference; lastKnownFileType = file.storyboard; name = Base; path = Base.lproj/LaunchScreen.storyboard; sourceTree = "<group>"; };
		DCB454A1250B1FDF0063F07A /* Info.plist */ = {isa = PBXFileReference; lastKnownFileType = text.plist.xml; path = Info.plist; sourceTree = "<group>"; };
		DCB454A2250B1FDF0063F07A /* main.m */ = {isa = PBXFileReference; lastKnownFileType = sourcecode.c.objc; path = main.m; sourceTree = "<group>"; };
/* End PBXFileReference section */

/* Begin PBXFrameworksBuildPhase section */
		DCB4548A250B1FDD0063F07A /* Frameworks */ = {
			isa = PBXFrameworksBuildPhase;
			buildActionMask = 2147483647;
			files = (
			);
			runOnlyForDeploymentPostprocessing = 0;
		};
/* End PBXFrameworksBuildPhase section */

/* Begin PBXGroup section */
		DCB45484250B1FDD0063F07A = {
			isa = PBXGroup;
			children = (
				DCB4548F250B1FDD0063F07A /* PodDemo */,
				DCB4548E250B1FDD0063F07A /* Products */,
			);
			sourceTree = "<group>";
		};
		DCB4548E250B1FDD0063F07A /* Products */ = {
			isa = PBXGroup;
			children = (
				DCB4548D250B1FDD0063F07A /* PodDemo.app */,
			);
			name = Products;
			sourceTree = "<group>";
		};
		DCB4548F250B1FDD0063F07A /* PodDemo */ = {
			isa = PBXGroup;
			children = (
				DCB45490250B1FDD0063F07A /* AppDelegate.h */,
				DCB45491250B1FDD0063F07A /* AppDelegate.m */,
				DCB45493250B1FDD0063F07A /* SceneDelegate.h */,
				DCB45494250B1FDD0063F07A /* SceneDelegate.m */,
				DCB45496250B1FDD0063F07A /* ViewController.h */,
				DCB45497250B1FDD0063F07A /* ViewController.m */,
				DCB45499250B1FDD0063F07A /* Main.storyboard */,
				DCB4549C250B1FDF0063F07A /* Assets.xcassets */,
				DCB4549E250B1FDF0063F07A /* LaunchScreen.storyboard */,
				DCB454A1250B1FDF0063F07A /* Info.plist */,
				DCB454A2250B1FDF0063F07A /* main.m */,
			);
			path = PodDemo;
			sourceTree = "<group>";
		};
/* End PBXGroup section */

/* Begin PBXNativeTarget section */
		DCB4548C250B1FDD0063F07A /* PodDemo */ = {
			isa = PBXNativeTarget;
			buildConfigurationList = DCB454A6250B1FDF0063F07A /* Build configuration list for PBXNativeTarget "PodDemo" */;
			buildPhases = (
				DCB45489250B1FDD0063F07A /* Sources */,
				DCB4548A250B1FDD0063F07A /* Frameworks */,
				DCB4548B250B1FDD0063F07A /* Resources */,
			);
			buildRules = (
			);
			dependencies = (
			);
			name = PodDemo;
			productName = PodDemo;
			productReference = DCB4548D250B1FDD0063F07A /* PodDemo.app */;
			productType = "com.apple.product-type.application";
		};
/* End PBXNativeTarget section */

/* Begin PBXProject section */
		DCB45485250B1FDD0063F07A /* Project object */ = {
			isa = PBXProject;
			attributes = {
				LastUpgradeCheck = 1170;
				ORGANIZATIONNAME = "rabbit super";
				TargetAttributes = {
					DCB4548C250B1FDD0063F07A = {
						CreatedOnToolsVersion = 11.7;
					};
				};
			};
			buildConfigurationList = DCB45488250B1FDD0063F07A /* Build configuration list for PBXProject "PodDemo" */;
			compatibilityVersion = "Xcode 9.3";
			developmentRegion = en;
			hasScannedForEncodings = 0;
			knownRegions = (
				en,
				Base,
			);
			mainGroup = DCB45484250B1FDD0063F07A;
			productRefGroup = DCB4548E250B1FDD0063F07A /* Products */;
			projectDirPath = "";
			projectRoot = "";
			targets = (
				DCB4548C250B1FDD0063F07A /* PodDemo */,
			);
		};
/* End PBXProject section */

/* Begin PBXResourcesBuildPhase section */
		DCB4548B250B1FDD0063F07A /* Resources */ = {
			isa = PBXResourcesBuildPhase;
			buildActionMask = 2147483647;
			files = (
				DCB454A0250B1FDF0063F07A /* LaunchScreen.storyboard in Resources */,
				DCB4549D250B1FDF0063F07A /* Assets.xcassets in Resources */,
				DCB4549B250B1FDD0063F07A /* Main.storyboard in Resources */,
			);
			runOnlyForDeploymentPostprocessing = 0;
		};
/* End PBXResourcesBuildPhase section */

/* Begin PBXSourcesBuildPhase section */
		DCB45489250B1FDD0063F07A /* Sources */ = {
			isa = PBXSourcesBuildPhase;
			buildActionMask = 2147483647;
			files = (
				DCB45498250B1FDD0063F07A /* ViewController.m in Sources */,
				DCB45492250B1FDD0063F07A /* AppDelegate.m in Sources */,
				DCB454A3250B1FDF0063F07A /* main.m in Sources */,
				DCB45495250B1FDD0063F07A /* SceneDelegate.m in Sources */,
			);
			runOnlyForDeploymentPostprocessing = 0;
		};
/* End PBXSourcesBuildPhase section */

/* Begin PBXVariantGroup section */
		DCB45499250B1FDD0063F07A /* Main.storyboard */ = {
			isa = PBXVariantGroup;
			children = (
				DCB4549A250B1FDD0063F07A /* Base */,
			);
			name = Main.storyboard;
			sourceTree = "<group>";
		};
		DCB4549E250B1FDF0063F07A /* LaunchScreen.storyboard */ = {
			isa = PBXVariantGroup;
			children = (
				DCB4549F250B1FDF0063F07A /* Base */,
			);
			name = LaunchScreen.storyboard;
			sourceTree = "<group>";
		};
/* End PBXVariantGroup section */

/* Begin XCBuildConfiguration section */
		DCB454A4250B1FDF0063F07A /* Debug */ = {
			isa = XCBuildConfiguration;
			buildSettings = {
				ALWAYS_SEARCH_USER_PATHS = NO;
				CLANG_ANALYZER_NONNULL = YES;
				CLANG_ANALYZER_NUMBER_OBJECT_CONVERSION = YES_AGGRESSIVE;
				CLANG_CXX_LANGUAGE_STANDARD = "gnu++14";
				CLANG_CXX_LIBRARY = "libc++";
				CLANG_ENABLE_MODULES = YES;
				CLANG_ENABLE_OBJC_ARC = YES;
				CLANG_ENABLE_OBJC_WEAK = YES;
				CLANG_WARN_BLOCK_CAPTURE_AUTORELEASING = YES;
				CLANG_WARN_BOOL_CONVERSION = YES;
				CLANG_WARN_COMMA = YES;
				CLANG_WARN_CONSTANT_CONVERSION = YES;
				CLANG_WARN_DEPRECATED_OBJC_IMPLEMENTATIONS = YES;
				CLANG_WARN_DIRECT_OBJC_ISA_USAGE = YES_ERROR;
				CLANG_WARN_DOCUMENTATION_COMMENTS = YES;
				CLANG_WARN_EMPTY_BODY = YES;
				CLANG_WARN_ENUM_CONVERSION = YES;
				CLANG_WARN_INFINITE_RECURSION = YES;
				CLANG_WARN_INT_CONVERSION = YES;
				CLANG_WARN_NON_LITERAL_NULL_CONVERSION = YES;
				CLANG_WARN_OBJC_IMPLICIT_RETAIN_SELF = YES;
				CLANG_WARN_OBJC_LITERAL_CONVERSION = YES;
				CLANG_WARN_OBJC_ROOT_CLASS = YES_ERROR;
				CLANG_WARN_RANGE_LOOP_ANALYSIS = YES;
				CLANG_WARN_STRICT_PROTOTYPES = YES;
				CLANG_WARN_SUSPICIOUS_MOVE = YES;
				CLANG_WARN_UNGUARDED_AVAILABILITY = YES_AGGRESSIVE;
				CLANG_WARN_UNREACHABLE_CODE = YES;
				CLANG_WARN__DUPLICATE_METHOD_MATCH = YES;
				COPY_PHASE_STRIP = NO;
				DEBUG_INFORMATION_FORMAT = dwarf;
				ENABLE_STRICT_OBJC_MSGSEND = YES;
				ENABLE_TESTABILITY = YES;
				GCC_C_LANGUAGE_STANDARD = gnu11;
				GCC_DYNAMIC_NO_PIC = NO;
				GCC_NO_COMMON_BLOCKS = YES;
				GCC_OPTIMIZATION_LEVEL = 0;
				GCC_PREPROCESSOR_DEFINITIONS = (
					"DEBUG=1",
					"$(inherited)",
				);
				GCC_WARN_64_TO_32_BIT_CONVERSION = YES;
				GCC_WARN_ABOUT_RETURN_TYPE = YES_ERROR;
				GCC_WARN_UNDECLARED_SELECTOR = YES;
				GCC_WARN_UNINITIALIZED_AUTOS = YES_AGGRESSIVE;
				GCC_WARN_UNUSED_FUNCTION = YES;
				GCC_WARN_UNUSED_VARIABLE = YES;
				IPHONEOS_DEPLOYMENT_TARGET = 13.7;
				MTL_ENABLE_DEBUG_INFO = INCLUDE_SOURCE;
				MTL_FAST_MATH = YES;
				ONLY_ACTIVE_ARCH = YES;
				SDKROOT = iphoneos;
			};
			name = Debug;
		};
		DCB454A5250B1FDF0063F07A /* Release */ = {
			isa = XCBuildConfiguration;
			buildSettings = {
				ALWAYS_SEARCH_USER_PATHS = NO;
				CLANG_ANALYZER_NONNULL = YES;
				CLANG_ANALYZER_NUMBER_OBJECT_CONVERSION = YES_AGGRESSIVE;
				CLANG_CXX_LANGUAGE_STANDARD = "gnu++14";
				CLANG_CXX_LIBRARY = "libc++";
				CLANG_ENABLE_MODULES = YES;
				CLANG_ENABLE_OBJC_ARC = YES;
				CLANG_ENABLE_OBJC_WEAK = YES;
				CLANG_WARN_BLOCK_CAPTURE_AUTORELEASING = YES;
				CLANG_WARN_BOOL_CONVERSION = YES;
				CLANG_WARN_COMMA = YES;
				CLANG_WARN_CONSTANT_CONVERSION = YES;
				CLANG_WARN_DEPRECATED_OBJC_IMPLEMENTATIONS = YES;
				CLANG_WARN_DIRECT_OBJC_ISA_USAGE = YES_ERROR;
				CLANG_WARN_DOCUMENTATION_COMMENTS = YES;
				CLANG_WARN_EMPTY_BODY = YES;
				CLANG_WARN_ENUM_CONVERSION = YES;
				CLANG_WARN_INFINITE_RECURSION = YES;
				CLANG_WARN_INT_CONVERSION = YES;
				CLANG_WARN_NON_LITERAL_NULL_CONVERSION = YES;
				CLANG_WARN_OBJC_IMPLICIT_RETAIN_SELF = YES;
				CLANG_WARN_OBJC_LITERAL_CONVERSION = YES;
				CLANG_WARN_OBJC_ROOT_CLASS = YES_ERROR;
				CLANG_WARN_RANGE_LOOP_ANALYSIS = YES;
				CLANG_WARN_STRICT_PROTOTYPES = YES;
				CLANG_WARN_SUSPICIOUS_MOVE = YES;
				CLANG_WARN_UNGUARDED_AVAILABILITY = YES_AGGRESSIVE;
				CLANG_WARN_UNREACHABLE_CODE = YES;
				CLANG_WARN__DUPLICATE_METHOD_MATCH = YES;
				COPY_PHASE_STRIP = NO;
				DEBUG_INFORMATION_FORMAT = "dwarf-with-dsym";
				ENABLE_NS_ASSERTIONS = NO;
				ENABLE_STRICT_OBJC_MSGSEND = YES;
				GCC_C_LANGUAGE_STANDARD = gnu11;
				GCC_NO_COMMON_BLOCKS = YES;
				GCC_WARN_64_TO_32_BIT_CONVERSION = YES;
				GCC_WARN_ABOUT_RETURN_TYPE = YES_ERROR;
				GCC_WARN_UNDECLARED_SELECTOR = YES;
				GCC_WARN_UNINITIALIZED_AUTOS = YES_AGGRESSIVE;
				GCC_WARN_UNUSED_FUNCTION = YES;
				GCC_WARN_UNUSED_VARIABLE = YES;
				IPHONEOS_DEPLOYMENT_TARGET = 13.7;
				MTL_ENABLE_DEBUG_INFO = NO;
				MTL_FAST_MATH = YES;
				SDKROOT = iphoneos;
				VALIDATE_PRODUCT = YES;
			};
			name = Release;
		};
		DCB454A7250B1FDF0063F07A /* Debug */ = {
			isa = XCBuildConfiguration;
			buildSettings = {
				ASSETCATALOG_COMPILER_APPICON_NAME = AppIcon;
				CODE_SIGN_STYLE = Automatic;
				DEVELOPMENT_TEAM = MNSGXL4M27;
				INFOPLIST_FILE = PodDemo/Info.plist;
				LD_RUNPATH_SEARCH_PATHS = (
					"$(inherited)",
					"@executable_path/Frameworks",
				);
				PRODUCT_BUNDLE_IDENTIFIER = com.7dingdong.PodDemo;
				PRODUCT_NAME = "$(TARGET_NAME)";
				TARGETED_DEVICE_FAMILY = "1,2";
			};
			name = Debug;
		};
		DCB454A8250B1FDF0063F07A /* Release */ = {
			isa = XCBuildConfiguration;
			buildSettings = {
				ASSETCATALOG_COMPILER_APPICON_NAME = AppIcon;
				CODE_SIGN_STYLE = Automatic;
				DEVELOPMENT_TEAM = MNSGXL4M27;
				INFOPLIST_FILE = PodDemo/Info.plist;
				LD_RUNPATH_SEARCH_PATHS = (
					"$(inherited)",
					"@executable_path/Frameworks",
				);
				PRODUCT_BUNDLE_IDENTIFIER = com.7dingdong.PodDemo;
				PRODUCT_NAME = "$(TARGET_NAME)";
				TARGETED_DEVICE_FAMILY = "1,2";
			};
			name = Release;
		};
/* End XCBuildConfiguration section */

/* Begin XCConfigurationList section */
		DCB45488250B1FDD0063F07A /* Build configuration list for PBXProject "PodDemo" */ = {
			isa = XCConfigurationList;
			buildConfigurations = (
				DCB454A4250B1FDF0063F07A /* Debug */,
				DCB454A5250B1FDF0063F07A /* Release */,
			);
			defaultConfigurationIsVisible = 0;
			defaultConfigurationName = Release;
		};
		DCB454A6250B1FDF0063F07A /* Build configuration list for PBXNativeTarget "PodDemo" */ = {
			isa = XCConfigurationList;
			buildConfigurations = (
				DCB454A7250B1FDF0063F07A /* Debug */,
				DCB454A8250B1FDF0063F07A /* Release */,
			);
			defaultConfigurationIsVisible = 0;
			defaultConfigurationName = Release;
		};
/* End XCConfigurationList section */
	};
	rootObject = DCB45485250B1FDD0063F07A /* Project object */;
}
